
Microsoft Visual Studio Solution File, Format Version 12.00
# Visual Studio Version 16
VisualStudioVersion = 16.0.30611.23
MinimumVisualStudioVersion = 10.0.40219.1
Project("{FAE04EC0-301F-11D3-BF4B-00C04F79EFBC}") = "NomesNotas3", "NomesNotas3\NomesNotas3.csproj", "{4755C22F-63D4-4502-A87F-3D0599DAE133}"
EndProject
Global
	GlobalSection(SolutionConfigurationPlatforms) = preSolution
		Debug|Any CPU = Debug|Any CPU
		Release|Any CPU = Release|Any CPU
	EndGlobalSection
	GlobalSection(ProjectConfigurationPlatforms) = postSolution
		{4755C22F-63D4-4502-A87F-3D0599DAE133}.Debug|Any CPU.ActiveCfg = Debug|Any CPU
		{4755C22F-63D4-4502-A87F-3D0599DAE133}.Debug|Any CPU.Build.0 = Debug|Any CPU
		{4755C22F-63D4-4502-A87F-3D0599DAE133}.Release|Any CPU.ActiveCfg = Release|Any CPU
		{4755C22F-63D4-4502-A87F-3D0599DAE133}.Release|Any CPU.Build.0 = Release|Any CPU
	EndGlobalSection
	GlobalSection(SolutionProperties) = preSolution
		HideSolutionNode = FALSE
	EndGlobalSection
	GlobalSection(ExtensibilityGlobals) = postSolution
		SolutionGuid = {659415C2-4CDC-4822-BB07-B3F52A696A8A}
	EndGlobalSection
EndGlobal
